{
  "name": "@jurassix/pouchdb-react-native",
  "version": "6.3.4",
  "lockfileVersion": 1,
  "requires": true,
  "dependencies": {
    "@jurassix/pouchdb-adapter-asyncstorage": {
      "version": "6.3.4",
      "resolved": "https://registry.npmjs.org/@jurassix/pouchdb-adapter-asyncstorage/-/pouchdb-adapter-asyncstorage-6.3.4.tgz",
      "integrity": "sha512-+uLslETBfEV4tFKxnwtp0c5M472XWADMBDdJ1NIGzLPRvD8kMLIvFqFQbMXn8ylb0CAxrer+JvIMWcbpl6UD/w==",
      "requires": {
        "atob": "2.0.3",
        "blob-polyfill": "1.0.20150320",
        "btoa": "1.1.2",
        "buffer": "5.0.7",
        "events": "1.1.1",
        "left-pad": "1.1.3",
        "pouchdb-adapter-utils": "6.3.4",
        "pouchdb-binary-utils": "6.3.4",
        "pouchdb-errors": "6.3.4",
        "pouchdb-json": "6.3.4",
        "pouchdb-merge": "6.3.4",
        "pouchdb-utils": "6.3.4",
        "spark-md5": "3.0.0"
      }
    },
    "@jurassix/pouchdb-adapter-http-react-native": {
      "version": "6.2.4",
      "resolved": "https://artifactory.corp.ventivtech.com/artifactory/api/npm/npm-registry/@jurassix/pouchdb-adapter-http-react-native/-/pouchdb-adapter-http-react-native-6.2.4.tgz",
      "integrity": "sha1-WQzXBbFoBi0oEWpF/0qFb5Z7EY8=",
      "requires": {
        "@jurassix/pouchdb-fetch-react-native": "6.2.4",
        "argsarray": "0.0.1",
        "pouchdb-binary-utils": "6.2.0",
        "pouchdb-utils": "6.2.0"
      },
      "dependencies": {
        "pouchdb-binary-utils": {
          "version": "6.2.0",
          "resolved": "https://artifactory.corp.ventivtech.com/artifactory/api/npm/npm-registry/pouchdb-binary-utils/-/pouchdb-binary-utils-6.2.0.tgz",
          "integrity": "sha1-3EFUwBuS+5rYf99pU5SpG12UKb8=",
          "requires": {
            "buffer-from": "0.1.1"
          }
        },
        "pouchdb-collections": {
          "version": "6.2.0",
          "resolved": "https://artifactory.corp.ventivtech.com/artifactory/api/npm/npm-registry/pouchdb-collections/-/pouchdb-collections-6.2.0.tgz",
          "integrity": "sha1-9TJgGHDL0ym6DGAFvN0wESaCW+I="
        },
        "pouchdb-errors": {
          "version": "6.2.0",
          "resolved": "https://artifactory.corp.ventivtech.com/artifactory/api/npm/npm-registry/pouchdb-errors/-/pouchdb-errors-6.2.0.tgz",
          "integrity": "sha1-XMvvryuS6RjV2QtaW3eTdkZLWQc=",
          "requires": {
            "inherits": "2.0.3"
          }
        },
        "pouchdb-promise": {
          "version": "6.2.0",
          "resolved": "https://artifactory.corp.ventivtech.com/artifactory/api/npm/npm-registry/pouchdb-promise/-/pouchdb-promise-6.2.0.tgz",
          "integrity": "sha1-Hk/OwKoGeN9YPmp7S5lroBCmCP4=",
          "requires": {
            "lie": "3.1.1"
          }
        },
        "pouchdb-utils": {
          "version": "6.2.0",
          "resolved": "https://artifactory.corp.ventivtech.com/artifactory/api/npm/npm-registry/pouchdb-utils/-/pouchdb-utils-6.2.0.tgz",
          "integrity": "sha1-zY1CB6NOR4tJryAf8MUepzMkQGE=",
          "requires": {
            "argsarray": "0.0.1",
            "clone-buffer": "1.0.0",
            "immediate": "3.0.6",
            "inherits": "2.0.3",
            "pouchdb-collections": "6.2.0",
            "pouchdb-errors": "6.2.0",
            "pouchdb-promise": "6.2.0"
          }
        }
      }
    },
    "@jurassix/pouchdb-fetch-react-native": {
      "version": "6.2.4",
      "resolved": "https://artifactory.corp.ventivtech.com/artifactory/api/npm/npm-registry/@jurassix/pouchdb-fetch-react-native/-/pouchdb-fetch-react-native-6.2.4.tgz",
      "integrity": "sha1-4zmU/tU/GFjyu3daUHf66NS7UjY=",
      "requires": {
        "pouchdb-errors": "6.2.0",
        "pouchdb-promise": "6.2.0",
        "pouchdb-utils": "6.2.0"
      },
      "dependencies": {
        "pouchdb-collections": {
          "version": "6.2.0",
          "resolved": "https://artifactory.corp.ventivtech.com/artifactory/api/npm/npm-registry/pouchdb-collections/-/pouchdb-collections-6.2.0.tgz",
          "integrity": "sha1-9TJgGHDL0ym6DGAFvN0wESaCW+I="
        },
        "pouchdb-errors": {
          "version": "6.2.0",
          "resolved": "https://artifactory.corp.ventivtech.com/artifactory/api/npm/npm-registry/pouchdb-errors/-/pouchdb-errors-6.2.0.tgz",
          "integrity": "sha1-XMvvryuS6RjV2QtaW3eTdkZLWQc=",
          "requires": {
            "inherits": "2.0.3"
          }
        },
        "pouchdb-promise": {
          "version": "6.2.0",
          "resolved": "https://artifactory.corp.ventivtech.com/artifactory/api/npm/npm-registry/pouchdb-promise/-/pouchdb-promise-6.2.0.tgz",
          "integrity": "sha1-Hk/OwKoGeN9YPmp7S5lroBCmCP4=",
          "requires": {
            "lie": "3.1.1"
          }
        },
        "pouchdb-utils": {
          "version": "6.2.0",
          "resolved": "https://artifactory.corp.ventivtech.com/artifactory/api/npm/npm-registry/pouchdb-utils/-/pouchdb-utils-6.2.0.tgz",
          "integrity": "sha1-zY1CB6NOR4tJryAf8MUepzMkQGE=",
          "requires": {
            "argsarray": "0.0.1",
            "clone-buffer": "1.0.0",
            "immediate": "3.0.6",
            "inherits": "2.0.3",
            "pouchdb-collections": "6.2.0",
            "pouchdb-errors": "6.2.0",
            "pouchdb-promise": "6.2.0"
          }
        }
      }
    },
    "ajv": {
      "version": "4.11.8",
      "resolved": "https://registry.npmjs.org/ajv/-/ajv-4.11.8.tgz",
      "integrity": "sha1-gv+wKynmYq5TvcIK8VlHcGc5xTY=",
      "requires": {
        "co": "4.6.0",
        "json-stable-stringify": "1.0.1"
      }
    },
    "argsarray": {
      "version": "0.0.1",
      "resolved": "https://registry.npmjs.org/argsarray/-/argsarray-0.0.1.tgz",
      "integrity": "sha1-bnIHtOzbObCviDA/pa4ivajfYcs="
    },
    "asn1": {
      "version": "0.2.4",
      "resolved": "https://registry.npmjs.org/asn1/-/asn1-0.2.4.tgz",
      "integrity": "sha512-jxwzQpLQjSmWXgwaCZE9Nz+glAG01yF1QnWgbhGwHI5A6FRIEY6IVqtHhIepHqI7/kyEyQEagBC5mBEFlIYvdg==",
      "requires": {
        "safer-buffer": "2.1.2"
      }
    },
    "assert-plus": {
      "version": "0.2.0",
      "resolved": "https://registry.npmjs.org/assert-plus/-/assert-plus-0.2.0.tgz",
      "integrity": "sha1-104bh+ev/A24qttwIfP+SBAasjQ="
    },
    "asynckit": {
      "version": "0.4.0",
      "resolved": "https://registry.npmjs.org/asynckit/-/asynckit-0.4.0.tgz",
      "integrity": "sha1-x57Zf380y48robyXkLzDZkdLS3k="
    },
    "atob": {
      "version": "2.0.3",
      "resolved": "https://registry.npmjs.org/atob/-/atob-2.0.3.tgz",
      "integrity": "sha1-GcenYEc3dEaPILLS0DNyrX1Mv10="
    },
    "attempt-x": {
      "version": "1.1.3",
      "resolved": "https://registry.npmjs.org/attempt-x/-/attempt-x-1.1.3.tgz",
      "integrity": "sha512-y/+ek8IjxVpTbj/phC87jK5YRhlP5Uu7FlQdCmYuut1DTjNruyrGqUWi5bcX1VKsQX1B0FX16A1hqHomKpHv3A=="
    },
    "aws-sign2": {
      "version": "0.6.0",
      "resolved": "https://registry.npmjs.org/aws-sign2/-/aws-sign2-0.6.0.tgz",
      "integrity": "sha1-FDQt0428yU0OW4fXY81jYSwOeU8="
    },
    "aws4": {
      "version": "1.8.0",
      "resolved": "https://registry.npmjs.org/aws4/-/aws4-1.8.0.tgz",
      "integrity": "sha512-ReZxvNHIOv88FlT7rxcXIIC0fPt4KZqZbOlivyWtXLt8ESx84zd3kMC6iK5jVeS2qt+g7ftS7ye4fi06X5rtRQ=="
    },
    "base64-js": {
      "version": "1.3.0",
      "resolved": "https://registry.npmjs.org/base64-js/-/base64-js-1.3.0.tgz",
      "integrity": "sha512-ccav/yGvoa80BQDljCxsmmQ3Xvx60/UpBIij5QN21W3wBi/hhIC9OoO+KLpu9IJTS9j4DRVJ3aDDF9cMSoa2lw=="
    },
    "bcrypt-pbkdf": {
      "version": "1.0.2",
      "resolved": "https://registry.npmjs.org/bcrypt-pbkdf/-/bcrypt-pbkdf-1.0.2.tgz",
      "integrity": "sha1-pDAdOJtqQ/m2f/PKEaP2Y342Dp4=",
      "requires": {
        "tweetnacl": "0.14.5"
      }
    },
    "blob-polyfill": {
      "version": "1.0.20150320",
      "resolved": "https://registry.npmjs.org/blob-polyfill/-/blob-polyfill-1.0.20150320.tgz",
      "integrity": "sha1-A2kt1oIFae8lqHYy+mGclR1XSNo="
    },
    "boom": {
      "version": "2.10.1",
      "resolved": "http://registry.npmjs.org/boom/-/boom-2.10.1.tgz",
      "integrity": "sha1-OciRjO/1eZ+D+UkqhI9iWt0Mdm8=",
      "requires": {
        "hoek": "2.16.3"
      }
    },
    "btoa": {
      "version": "1.1.2",
      "resolved": "https://registry.npmjs.org/btoa/-/btoa-1.1.2.tgz",
      "integrity": "sha1-PkC4FmP4HS3WWWpMtxSo3BbPq+A="
    },
    "buffer": {
      "version": "5.0.7",
      "resolved": "https://registry.npmjs.org/buffer/-/buffer-5.0.7.tgz",
      "integrity": "sha512-NeeHXWh5pCbPQCt2/6rLvXqapZfVsqw/YgRgaHpT3H9Uzgs+S0lSg5SQzouIuDvcmlQRqBe8hOO2scKCu3cxrg==",
      "requires": {
        "base64-js": "1.3.0",
        "ieee754": "1.1.12"
      }
    },
    "buffer-from": {
      "version": "0.1.1",
      "resolved": "https://registry.npmjs.org/buffer-from/-/buffer-from-0.1.1.tgz",
      "integrity": "sha1-V7GLHaChnsBvM4N6UnWiQjUb114=",
      "requires": {
        "is-array-buffer-x": "1.7.0"
      }
    },
    "cached-constructors-x": {
      "version": "1.0.2",
      "resolved": "https://registry.npmjs.org/cached-constructors-x/-/cached-constructors-x-1.0.2.tgz",
      "integrity": "sha512-7lKwmwXweW6E/31RHAJemLtZPfb2xvcABXknFF4b/dNYv4DbSGTgQHckXLQkNw6BB4HKFYW6mJgsNjADAy1ehw=="
    },
    "caseless": {
      "version": "0.12.0",
      "resolved": "https://registry.npmjs.org/caseless/-/caseless-0.12.0.tgz",
      "integrity": "sha1-G2gcIf+EAzyCZUMJBolCDRhxUdw="
    },
    "clone-buffer": {
      "version": "1.0.0",
      "resolved": "https://registry.npmjs.org/clone-buffer/-/clone-buffer-1.0.0.tgz",
      "integrity": "sha1-4+JbIHrE5wGvch4staFnksrD3Fg="
    },
    "co": {
      "version": "4.6.0",
      "resolved": "https://registry.npmjs.org/co/-/co-4.6.0.tgz",
      "integrity": "sha1-bqa989hTrlTMuOR7+gvz+QMfsYQ="
    },
    "combined-stream": {
      "version": "1.0.7",
      "resolved": "https://registry.npmjs.org/combined-stream/-/combined-stream-1.0.7.tgz",
      "integrity": "sha512-brWl9y6vOB1xYPZcpZde3N9zDByXTosAeMDo4p1wzo6UMOX4vumB+TP1RZ76sfE6Md68Q0NJSrE/gbezd4Ul+w==",
      "requires": {
        "delayed-stream": "1.0.0"
      }
    },
    "core-util-is": {
      "version": "1.0.2",
      "resolved": "https://registry.npmjs.org/core-util-is/-/core-util-is-1.0.2.tgz",
      "integrity": "sha1-tf1UIgqivFq1eqtxQMlAdUUDwac="
    },
    "cryptiles": {
      "version": "2.0.5",
      "resolved": "http://registry.npmjs.org/cryptiles/-/cryptiles-2.0.5.tgz",
      "integrity": "sha1-O9/s3GCBR8HGcgL6KR59ylnqo7g=",
      "requires": {
        "boom": "2.10.1"
      }
    },
    "dashdash": {
      "version": "1.14.1",
      "resolved": "https://registry.npmjs.org/dashdash/-/dashdash-1.14.1.tgz",
      "integrity": "sha1-hTz6D3y+L+1d4gMmuN1YEDX24vA=",
      "requires": {
        "assert-plus": "1.0.0"
      },
      "dependencies": {
        "assert-plus": {
          "version": "1.0.0",
          "resolved": "https://registry.npmjs.org/assert-plus/-/assert-plus-1.0.0.tgz",
          "integrity": "sha1-8S4PPF13sLHN2RRpQuTpbB5N1SU="
        }
      }
    },
    "debug": {
      "version": "2.6.4",
      "resolved": "https://registry.npmjs.org/debug/-/debug-2.6.4.tgz",
      "integrity": "sha1-dYaps8OXQcAoKuM0RcTorHRzT+A=",
      "requires": {
        "ms": "0.7.3"
      }
    },
    "delayed-stream": {
      "version": "1.0.0",
      "resolved": "https://registry.npmjs.org/delayed-stream/-/delayed-stream-1.0.0.tgz",
      "integrity": "sha1-3zrhmayt+31ECqrgsp4icrJOxhk="
    },
    "ecc-jsbn": {
      "version": "0.1.2",
      "resolved": "https://registry.npmjs.org/ecc-jsbn/-/ecc-jsbn-0.1.2.tgz",
      "integrity": "sha1-OoOpBOVDUyh4dMVkt1SThoSamMk=",
      "requires": {
        "jsbn": "0.1.1",
        "safer-buffer": "2.1.2"
      }
    },
    "events": {
      "version": "1.1.1",
      "resolved": "http://registry.npmjs.org/events/-/events-1.1.1.tgz",
      "integrity": "sha1-nr23Y1rQmccNzEwqH1AEKI6L2SQ="
    },
    "extend": {
      "version": "3.0.2",
      "resolved": "https://registry.npmjs.org/extend/-/extend-3.0.2.tgz",
      "integrity": "sha512-fjquC59cD7CyW6urNXK0FBufkZcoiGG80wTuPujX590cB5Ttln20E2UB4S/WARVqhXffZl2LNgS+gQdPIIim/g=="
    },
    "extsprintf": {
      "version": "1.3.0",
      "resolved": "https://registry.npmjs.org/extsprintf/-/extsprintf-1.3.0.tgz",
      "integrity": "sha1-lpGEQOMEGnpBT4xS48V06zw+HgU="
    },
    "forever-agent": {
      "version": "0.6.1",
      "resolved": "https://registry.npmjs.org/forever-agent/-/forever-agent-0.6.1.tgz",
      "integrity": "sha1-+8cfDEGt6zf5bFd60e1C2P2sypE="
    },
    "form-data": {
      "version": "2.1.4",
      "resolved": "https://registry.npmjs.org/form-data/-/form-data-2.1.4.tgz",
      "integrity": "sha1-M8GDrPGTJ27KqYFDpp6Uv+4XUNE=",
      "requires": {
        "asynckit": "0.4.0",
        "combined-stream": "1.0.7",
        "mime-types": "2.1.21"
      }
    },
    "getpass": {
      "version": "0.1.7",
      "resolved": "https://registry.npmjs.org/getpass/-/getpass-0.1.7.tgz",
      "integrity": "sha1-Xv+OPmhNVprkyysSgmBOi6YhSfo=",
      "requires": {
        "assert-plus": "1.0.0"
      },
      "dependencies": {
        "assert-plus": {
          "version": "1.0.0",
          "resolved": "https://registry.npmjs.org/assert-plus/-/assert-plus-1.0.0.tgz",
          "integrity": "sha1-8S4PPF13sLHN2RRpQuTpbB5N1SU="
        }
      }
    },
    "har-schema": {
      "version": "1.0.5",
      "resolved": "https://registry.npmjs.org/har-schema/-/har-schema-1.0.5.tgz",
      "integrity": "sha1-0mMTX0MwfALGAq/I/pWXDAFRNp4="
    },
    "har-validator": {
      "version": "4.2.1",
      "resolved": "https://registry.npmjs.org/har-validator/-/har-validator-4.2.1.tgz",
      "integrity": "sha1-M0gdDxu/9gDdID11gSpqX7oALio=",
      "requires": {
        "ajv": "4.11.8",
        "har-schema": "1.0.5"
      }
    },
    "has-own-property-x": {
      "version": "3.2.0",
      "resolved": "https://registry.npmjs.org/has-own-property-x/-/has-own-property-x-3.2.0.tgz",
      "integrity": "sha512-HtRQTYpRFz/YVaQ7jh2mU5iorMAxFcML9FNOLMI1f8VNJ2K0hpOlXoi1a+nmVl6oUcGnhd6zYOFAVe7NUFStyQ==",
      "requires": {
        "cached-constructors-x": "1.0.2",
        "to-object-x": "1.5.0",
        "to-property-key-x": "2.0.2"
      }
    },
    "has-symbol-support-x": {
      "version": "1.4.2",
      "resolved": "https://registry.npmjs.org/has-symbol-support-x/-/has-symbol-support-x-1.4.2.tgz",
      "integrity": "sha512-3ToOva++HaW+eCpgqZrCfN51IPB+7bJNVT6CUATzueB5Heb8o6Nam0V3HG5dlDvZU1Gn5QLcbahiKw/XVk5JJw=="
    },
    "has-symbols": {
      "version": "1.0.0",
      "resolved": "https://registry.npmjs.org/has-symbols/-/has-symbols-1.0.0.tgz",
      "integrity": "sha1-uhqPGvKg/DllD1yFA2dwQSIGO0Q="
    },
    "has-to-string-tag-x": {
      "version": "1.4.1",
      "resolved": "https://registry.npmjs.org/has-to-string-tag-x/-/has-to-string-tag-x-1.4.1.tgz",
      "integrity": "sha512-vdbKfmw+3LoOYVr+mtxHaX5a96+0f3DljYd8JOqvOLsf5mw2Otda2qCDT9qRqLAhrjyQ0h7ual5nOiASpsGNFw==",
      "requires": {
        "has-symbol-support-x": "1.4.2"
      }
    },
    "hawk": {
      "version": "3.1.3",
      "resolved": "http://registry.npmjs.org/hawk/-/hawk-3.1.3.tgz",
      "integrity": "sha1-B4REvXwWQLD+VA0sm3PVlnjo4cQ=",
      "requires": {
        "boom": "2.10.1",
        "cryptiles": "2.0.5",
        "hoek": "2.16.3",
        "sntp": "1.0.9"
      }
    },
    "hoek": {
      "version": "2.16.3",
      "resolved": "http://registry.npmjs.org/hoek/-/hoek-2.16.3.tgz",
      "integrity": "sha1-ILt0A9POo5jpHcRxCo/xuCdKJe0="
    },
    "http-signature": {
      "version": "1.1.1",
      "resolved": "https://registry.npmjs.org/http-signature/-/http-signature-1.1.1.tgz",
      "integrity": "sha1-33LiZwZs0Kxn+3at+OE0qPvPkb8=",
      "requires": {
        "assert-plus": "0.2.0",
        "jsprim": "1.4.1",
        "sshpk": "1.15.2"
      }
    },
    "ieee754": {
      "version": "1.1.12",
      "resolved": "https://registry.npmjs.org/ieee754/-/ieee754-1.1.12.tgz",
      "integrity": "sha512-GguP+DRY+pJ3soyIiGPTvdiVXjZ+DbXOxGpXn3eMvNW4x4irjqXm4wHKscC+TfxSJ0yw/S1F24tqdMNsMZTiLA=="
    },
    "immediate": {
      "version": "3.0.6",
      "resolved": "https://registry.npmjs.org/immediate/-/immediate-3.0.6.tgz",
      "integrity": "sha1-nbHb0Pr43m++D13V5Wu2BigN5ps="
    },
    "infinity-x": {
      "version": "1.0.2",
      "resolved": "https://registry.npmjs.org/infinity-x/-/infinity-x-1.0.2.tgz",
      "integrity": "sha512-2Ioz+exrAwlHxFBaDHQIbvUyjKFt0YjIal34/agfzx738aT1zBQwSU5A8Zgb1IQ2r24BtXrkeZZusxE40MyZaQ=="
    },
    "inherits": {
      "version": "2.0.3",
      "resolved": "https://registry.npmjs.org/inherits/-/inherits-2.0.3.tgz",
      "integrity": "sha1-Yzwsg+PaQqUC9SRmAiSA9CCCYd4="
    },
    "is-array-buffer-x": {
      "version": "1.7.0",
      "resolved": "https://registry.npmjs.org/is-array-buffer-x/-/is-array-buffer-x-1.7.0.tgz",
      "integrity": "sha512-ufSZRMY2WZX5xyNvk0NOZAG7cgi35B/sGQDGqv8w0X7MoQ2GC9vedanJhuYTPaC4PUCqLQsda1w7NF+dPZmAJw==",
      "requires": {
        "attempt-x": "1.1.3",
        "has-to-string-tag-x": "1.4.1",
        "is-object-like-x": "1.7.1",
        "object-get-own-property-descriptor-x": "3.2.0",
        "to-string-tag-x": "1.4.3"
      }
    },
    "is-date-object": {
      "version": "1.0.1",
      "resolved": "https://registry.npmjs.org/is-date-object/-/is-date-object-1.0.1.tgz",
      "integrity": "sha1-mqIOtq7rv/d/vTPnTKAbM1gdOhY="
    },
    "is-falsey-x": {
      "version": "1.0.3",
      "resolved": "https://registry.npmjs.org/is-falsey-x/-/is-falsey-x-1.0.3.tgz",
      "integrity": "sha512-RWjusR6LXAhGa0Vus7aD1rwJuJwdJsvG3daAVMDvOAgvGuGm4eilNgoSuXhpv2/2qpLDvioAKTNb3t3XYidCNg==",
      "requires": {
        "to-boolean-x": "1.0.3"
      }
    },
    "is-finite-x": {
      "version": "3.0.4",
      "resolved": "https://registry.npmjs.org/is-finite-x/-/is-finite-x-3.0.4.tgz",
      "integrity": "sha512-wdSI5zk/Pl21HzGcLWFoFzuDa8gsgcqhwZGAZryL2eU7RKf7+g+q4jL2gGItrBs/YtspkjOrJ4JxXNZqquoAWA==",
      "requires": {
        "infinity-x": "1.0.2",
        "is-nan-x": "1.0.3"
      }
    },
    "is-function-x": {
      "version": "3.3.0",
      "resolved": "https://registry.npmjs.org/is-function-x/-/is-function-x-3.3.0.tgz",
      "integrity": "sha512-SreSSU1dlgYaXR5c0mm4qJHKYHIiGiEY+7Cd8/aRLLoMP/VvofD2XcWgBnP833ajpU5XzXbUSpfysnfKZLJFlg==",
      "requires": {
        "attempt-x": "1.1.3",
        "has-to-string-tag-x": "1.4.1",
        "is-falsey-x": "1.0.3",
        "is-primitive": "2.0.0",
        "normalize-space-x": "3.0.0",
        "replace-comments-x": "2.0.0",
        "to-boolean-x": "1.0.3",
        "to-string-tag-x": "1.4.3"
      },
      "dependencies": {
        "is-primitive": {
          "version": "2.0.0",
          "resolved": "https://registry.npmjs.org/is-primitive/-/is-primitive-2.0.0.tgz",
          "integrity": "sha1-IHurkWOEmcB7Kt8kCkGochADRXU="
        }
      }
    },
    "is-index-x": {
      "version": "1.1.0",
      "resolved": "https://registry.npmjs.org/is-index-x/-/is-index-x-1.1.0.tgz",
      "integrity": "sha512-qULKLMepQLGC8rSVdi8uF2vI4LiDrU9XSDg1D+Aa657GIB7GV1jHpga7uXgQvkt/cpQ5mVBHUFTpSehYSqT6+A==",
      "requires": {
        "math-clamp-x": "1.2.0",
        "max-safe-integer": "1.0.1",
        "to-integer-x": "3.0.0",
        "to-number-x": "2.0.0",
        "to-string-symbols-supported-x": "1.0.2"
      }
    },
    "is-nan-x": {
      "version": "1.0.3",
      "resolved": "https://registry.npmjs.org/is-nan-x/-/is-nan-x-1.0.3.tgz",
      "integrity": "sha512-WenNBLVGSZID8shogsB++42vF7gvotCfneXM9KMCAKwNPXa8VfAu/RWwpqvnK7dLOP4Z7uitocb0TZ6rAiOccA=="
    },
    "is-nil-x": {
      "version": "1.4.2",
      "resolved": "https://registry.npmjs.org/is-nil-x/-/is-nil-x-1.4.2.tgz",
      "integrity": "sha512-9aDY7ir7IGb5HlgqL+b38v2YMxf8S7MEHHxjHGzUhijg2crq47RKdxL37bS6dU0VN87wy2IBZP4akgQtIXmyvg==",
      "requires": {
        "lodash.isnull": "3.0.0",
        "validate.io-undefined": "1.0.3"
      }
    },
    "is-object-like-x": {
      "version": "1.7.1",
      "resolved": "https://registry.npmjs.org/is-object-like-x/-/is-object-like-x-1.7.1.tgz",
      "integrity": "sha512-89nz+kESAW2Y7udq+PdRX/dZnRN2WP1b19Gdv4OYE1Xjoekn1xf31l0ZPzT40qdPD7I2nveNFm9rxxI0vmnGHA==",
      "requires": {
        "is-function-x": "3.3.0",
        "is-primitive": "3.0.1"
      }
    },
    "is-primitive": {
      "version": "3.0.1",
      "resolved": "https://registry.npmjs.org/is-primitive/-/is-primitive-3.0.1.tgz",
      "integrity": "sha512-GljRxhWvlCNRfZyORiH77FwdFwGcMO620o37EOYC0ORWdq+WYNVqW0w2Juzew4M+L81l6/QS3t5gkkihyRqv9w=="
    },
    "is-string": {
      "version": "1.0.4",
      "resolved": "https://registry.npmjs.org/is-string/-/is-string-1.0.4.tgz",
      "integrity": "sha1-zDqbaYV9Yh6WNyWiTK7shzuCbmQ="
    },
    "is-symbol": {
      "version": "1.0.2",
      "resolved": "https://registry.npmjs.org/is-symbol/-/is-symbol-1.0.2.tgz",
      "integrity": "sha512-HS8bZ9ox60yCJLH9snBpIwv9pYUAkcuLhSA1oero1UB5y9aiQpRA8y2ex945AOtCZL1lJDeIk3G5LthswI46Lw==",
      "requires": {
        "has-symbols": "1.0.0"
      }
    },
    "is-typedarray": {
      "version": "1.0.0",
      "resolved": "https://registry.npmjs.org/is-typedarray/-/is-typedarray-1.0.0.tgz",
      "integrity": "sha1-5HnICFjfDBsR3dppQPlgEfzaSpo="
    },
    "isstream": {
      "version": "0.1.2",
      "resolved": "https://registry.npmjs.org/isstream/-/isstream-0.1.2.tgz",
      "integrity": "sha1-R+Y/evVa+m+S4VAOaQ64uFKcCZo="
    },
    "jsbn": {
      "version": "0.1.1",
      "resolved": "https://registry.npmjs.org/jsbn/-/jsbn-0.1.1.tgz",
      "integrity": "sha1-peZUwuWi3rXyAdls77yoDA7y9RM="
    },
    "json-schema": {
      "version": "0.2.3",
      "resolved": "https://registry.npmjs.org/json-schema/-/json-schema-0.2.3.tgz",
      "integrity": "sha1-tIDIkuWaLwWVTOcnvT8qTogvnhM="
    },
    "json-stable-stringify": {
      "version": "1.0.1",
      "resolved": "https://registry.npmjs.org/json-stable-stringify/-/json-stable-stringify-1.0.1.tgz",
      "integrity": "sha1-mnWdOcXy/1A/1TAGRu1EX4jE+a8=",
      "requires": {
        "jsonify": "0.0.0"
      }
    },
    "json-stringify-safe": {
      "version": "5.0.1",
      "resolved": "https://registry.npmjs.org/json-stringify-safe/-/json-stringify-safe-5.0.1.tgz",
      "integrity": "sha1-Epai1Y/UXxmg9s4B1lcB4sc1tus="
    },
    "jsonify": {
      "version": "0.0.0",
      "resolved": "https://registry.npmjs.org/jsonify/-/jsonify-0.0.0.tgz",
      "integrity": "sha1-LHS27kHZPKUbe1qu6PUDYx0lKnM="
    },
    "jsprim": {
      "version": "1.4.1",
      "resolved": "https://registry.npmjs.org/jsprim/-/jsprim-1.4.1.tgz",
      "integrity": "sha1-MT5mvB5cwG5Di8G3SZwuXFastqI=",
      "requires": {
        "assert-plus": "1.0.0",
        "extsprintf": "1.3.0",
        "json-schema": "0.2.3",
        "verror": "1.10.0"
      },
      "dependencies": {
        "assert-plus": {
          "version": "1.0.0",
          "resolved": "https://registry.npmjs.org/assert-plus/-/assert-plus-1.0.0.tgz",
          "integrity": "sha1-8S4PPF13sLHN2RRpQuTpbB5N1SU="
        }
      }
    },
    "left-pad": {
      "version": "1.1.3",
      "resolved": "https://registry.npmjs.org/left-pad/-/left-pad-1.1.3.tgz",
      "integrity": "sha1-YS9hwDPzqeCOk58crr7qQbbzGZo="
    },
    "lie": {
      "version": "3.1.1",
      "resolved": "https://registry.npmjs.org/lie/-/lie-3.1.1.tgz",
      "integrity": "sha1-mkNrLMd0bKWd56QfpGmz77dr2H4=",
      "requires": {
        "immediate": "3.0.6"
      }
    },
    "lodash.isnull": {
      "version": "3.0.0",
      "resolved": "https://registry.npmjs.org/lodash.isnull/-/lodash.isnull-3.0.0.tgz",
      "integrity": "sha1-+vvlnqHcon7teGU0A53YTC4HxW4="
    },
    "math-clamp-x": {
      "version": "1.2.0",
      "resolved": "https://registry.npmjs.org/math-clamp-x/-/math-clamp-x-1.2.0.tgz",
      "integrity": "sha512-tqpjpBcIf9UulApz3EjWXqTZpMlr2vLN9PryC9ghoyCuRmqZaf3JJhPddzgQpJnKLi2QhoFnvKBFtJekAIBSYg==",
      "requires": {
        "to-number-x": "2.0.0"
      }
    },
    "math-sign-x": {
      "version": "3.0.0",
      "resolved": "https://registry.npmjs.org/math-sign-x/-/math-sign-x-3.0.0.tgz",
      "integrity": "sha512-OzPas41Pn4d16KHnaXmGxxY3/l3zK4OIXtmIwdhgZsxz4FDDcNnbrABYPg2vGfxIkaT9ezGnzDviRH7RfF44jQ==",
      "requires": {
        "is-nan-x": "1.0.3",
        "to-number-x": "2.0.0"
      }
    },
    "max-safe-integer": {
      "version": "1.0.1",
      "resolved": "http://registry.npmjs.org/max-safe-integer/-/max-safe-integer-1.0.1.tgz",
      "integrity": "sha1-84BgvixWPYwC5tSK85Ei/YO29BA="
    },
    "mime-db": {
      "version": "1.37.0",
      "resolved": "https://registry.npmjs.org/mime-db/-/mime-db-1.37.0.tgz",
      "integrity": "sha512-R3C4db6bgQhlIhPU48fUtdVmKnflq+hRdad7IyKhtFj06VPNVdk2RhiYL3UjQIlso8L+YxAtFkobT0VK+S/ybg=="
    },
    "mime-types": {
      "version": "2.1.21",
      "resolved": "https://registry.npmjs.org/mime-types/-/mime-types-2.1.21.tgz",
      "integrity": "sha512-3iL6DbwpyLzjR3xHSFNFeb9Nz/M8WDkX33t1GFQnFOllWk8pOrh/LSrB5OXlnlW5P9LH73X6loW/eogc+F5lJg==",
      "requires": {
        "mime-db": "1.37.0"
      }
    },
    "ms": {
      "version": "0.7.3",
      "resolved": "https://registry.npmjs.org/ms/-/ms-0.7.3.tgz",
      "integrity": "sha1-cIFVpeROM/X9D8U+gdDUCpG+H/8="
    },
    "nan-x": {
      "version": "1.0.2",
      "resolved": "https://registry.npmjs.org/nan-x/-/nan-x-1.0.2.tgz",
      "integrity": "sha512-dndRmy03JQEN+Nh6WjQl7/OstIozeEmrtWe4TE7mEqJ8W8oMD8m2tHjsLPWt//e3hLAeRSbs4pxMyc5pk/nCkQ=="
    },
    "normalize-space-x": {
      "version": "3.0.0",
      "resolved": "https://registry.npmjs.org/normalize-space-x/-/normalize-space-x-3.0.0.tgz",
      "integrity": "sha512-tbCJerqZCCHPst4rRKgsTanLf45fjOyeAU5zE3mhDxJtFJKt66q39g2XArWhXelgTFVib8mNBUm6Wrd0LxYcfQ==",
      "requires": {
        "cached-constructors-x": "1.0.2",
        "trim-x": "3.0.0",
        "white-space-x": "3.0.1"
      }
    },
    "oauth-sign": {
      "version": "0.8.2",
      "resolved": "https://registry.npmjs.org/oauth-sign/-/oauth-sign-0.8.2.tgz",
      "integrity": "sha1-Rqarfwrq2N6unsBWV4C31O/rnUM="
    },
    "object-get-own-property-descriptor-x": {
      "version": "3.2.0",
      "resolved": "https://registry.npmjs.org/object-get-own-property-descriptor-x/-/object-get-own-property-descriptor-x-3.2.0.tgz",
      "integrity": "sha512-Z/0fIrptD9YuzN+SNK/1kxAEaBcPQM4gSrtOSMSi9eplnL/AbyQcAyAlreAoAzmBon+DQ1Z+AdhxyQSvav5Fyg==",
      "requires": {
        "attempt-x": "1.1.3",
        "has-own-property-x": "3.2.0",
        "has-symbol-support-x": "1.4.2",
        "is-falsey-x": "1.0.3",
        "is-index-x": "1.1.0",
        "is-primitive": "2.0.0",
        "is-string": "1.0.4",
        "property-is-enumerable-x": "1.1.0",
        "to-object-x": "1.5.0",
        "to-property-key-x": "2.0.2"
      },
      "dependencies": {
        "is-primitive": {
          "version": "2.0.0",
          "resolved": "https://registry.npmjs.org/is-primitive/-/is-primitive-2.0.0.tgz",
          "integrity": "sha1-IHurkWOEmcB7Kt8kCkGochADRXU="
        }
      }
    },
    "parse-int-x": {
      "version": "2.0.0",
      "resolved": "https://registry.npmjs.org/parse-int-x/-/parse-int-x-2.0.0.tgz",
      "integrity": "sha512-NIMm52gmd1+0qxJK8lV3OZ4zzWpRH1xcz9xCHXl+DNzddwUdS4NEtd7BmTeK7iCIXoaK5e6BoDMHgieH2eNIhg==",
      "requires": {
        "cached-constructors-x": "1.0.2",
        "nan-x": "1.0.2",
        "to-string-x": "1.4.5",
        "trim-left-x": "3.0.0"
      }
    },
    "performance-now": {
      "version": "0.2.0",
      "resolved": "https://registry.npmjs.org/performance-now/-/performance-now-0.2.0.tgz",
      "integrity": "sha1-M+8wxcd9TqIcWlOGnZG1bY8lVeU="
    },
    "pouchdb-abstract-mapreduce": {
      "version": "6.3.4",
      "resolved": "https://registry.npmjs.org/pouchdb-abstract-mapreduce/-/pouchdb-abstract-mapreduce-6.3.4.tgz",
      "integrity": "sha512-C8yKWXDUd6sq5FaVBF7Kxa2Ats3+3sqarTPkTSdgQCiGRouy4RL++rpDVforCKQc/kmG7MrnZ0XjL85m5/IbUQ==",
      "requires": {
        "pouchdb-binary-utils": "6.3.4",
        "pouchdb-collate": "6.3.4",
        "pouchdb-collections": "6.3.4",
        "pouchdb-mapreduce-utils": "6.3.4",
        "pouchdb-md5": "6.3.4",
        "pouchdb-promise": "6.3.4",
        "pouchdb-utils": "6.3.4"
      }
    },
    "pouchdb-adapter-http": {
      "version": "6.3.4",
      "resolved": "https://registry.npmjs.org/pouchdb-adapter-http/-/pouchdb-adapter-http-6.3.4.tgz",
      "integrity": "sha512-UAuUF6UEQV/C7pd68dl+RLfpdErs2mohoLi/vaW8AxpN8YBABI5DmxcXoZRkzUAu4nnI116eZx48HQWDJj6fMg==",
      "requires": {
        "argsarray": "0.0.1",
        "pouchdb-ajax": "6.3.4",
        "pouchdb-binary-utils": "6.3.4",
        "pouchdb-errors": "6.3.4",
        "pouchdb-promise": "6.3.4",
        "pouchdb-utils": "6.3.4"
      }
    },
    "pouchdb-adapter-utils": {
      "version": "6.3.4",
      "resolved": "https://registry.npmjs.org/pouchdb-adapter-utils/-/pouchdb-adapter-utils-6.3.4.tgz",
      "integrity": "sha512-YXGpAKsHXl6A4HV+HMUJg7/ebM+ZtiGgQBSgUGuX5HETOaoczEP9yawLpiheAeQ727EeNM9MtVvCPeFFZAmqBA==",
      "requires": {
        "pouchdb-binary-utils": "6.3.4",
        "pouchdb-collections": "6.3.4",
        "pouchdb-errors": "6.3.4",
        "pouchdb-md5": "6.3.4",
        "pouchdb-merge": "6.3.4",
        "pouchdb-utils": "6.3.4"
      }
    },
    "pouchdb-ajax": {
      "version": "6.3.4",
      "resolved": "https://registry.npmjs.org/pouchdb-ajax/-/pouchdb-ajax-6.3.4.tgz",
      "integrity": "sha512-Rhjioj5rRHqBM3pr2WE0l89GPrbJ5UmUwGCybUt0yxQ03BvQH52GPu399vcl2PUzFe9gUNMUwxcz1rNRGDiwsA==",
      "requires": {
        "buffer-from": "0.1.1",
        "pouchdb-binary-utils": "6.3.4",
        "pouchdb-errors": "6.3.4",
        "pouchdb-promise": "6.3.4",
        "pouchdb-utils": "6.3.4",
        "request": "2.80.0"
      }
    },
    "pouchdb-binary-utils": {
      "version": "6.3.4",
      "resolved": "https://registry.npmjs.org/pouchdb-binary-utils/-/pouchdb-binary-utils-6.3.4.tgz",
      "integrity": "sha512-sjQwbtbg4yb6FOF1LJbdXlOVb2q7VImxxX2+8qsyrRyOzk9AdahTx/Ui4CVBPJO3w5M9HA52X0ou8eCsjtjEcg==",
      "requires": {
        "buffer-from": "0.1.1"
      }
    },
    "pouchdb-changes-filter": {
      "version": "6.3.4",
      "resolved": "https://registry.npmjs.org/pouchdb-changes-filter/-/pouchdb-changes-filter-6.3.4.tgz",
      "integrity": "sha512-6Q9koC6ZalYHjc5zUWw33Gg26CFokU/NoMCkvxgJe1tugquMc3f20Hvi2vjnIdwL2VwTpYcFrxEQ/5SlEGTf6Q==",
      "requires": {
        "pouchdb-errors": "6.3.4",
        "pouchdb-selector-core": "6.3.4",
        "pouchdb-utils": "6.3.4"
      }
    },
    "pouchdb-checkpointer": {
      "version": "6.3.4",
      "resolved": "https://registry.npmjs.org/pouchdb-checkpointer/-/pouchdb-checkpointer-6.3.4.tgz",
      "integrity": "sha512-Mp8SQpsp1955TKX2OJ9a94tBb+imtRnX8WYCSgM57f/tCHwq7c23ZZaCNIpPG+2ujDn+wiugifqeWtZs7TAYLA==",
      "requires": {
        "pouchdb-collate": "6.3.4",
        "pouchdb-promise": "6.3.4",
        "pouchdb-utils": "6.3.4"
      }
    },
    "pouchdb-collate": {
      "version": "6.3.4",
      "resolved": "https://registry.npmjs.org/pouchdb-collate/-/pouchdb-collate-6.3.4.tgz",
      "integrity": "sha512-Tk9x+EAXLOvT4uk+63RYsn1K335u0PnBGSQUmynrkYqsVAb0etmuoBzKJinKD8ZprGhuAiFEyu0mZG71+atCJg=="
    },
    "pouchdb-collections": {
      "version": "6.3.4",
      "resolved": "https://registry.npmjs.org/pouchdb-collections/-/pouchdb-collections-6.3.4.tgz",
      "integrity": "sha512-F+o2SGRO5FZwoURVVcuj1hd94YN9DVr8sD/kg2pXhf2m/nJ2GfMiR4l88h9bh2VYb8BDNU3OQj6gXebzfxSwjA=="
    },
    "pouchdb-core": {
      "version": "6.3.4",
      "resolved": "https://registry.npmjs.org/pouchdb-core/-/pouchdb-core-6.3.4.tgz",
      "integrity": "sha512-5Gfr/F/0u0gW4EW/uNfEDG7nBd1RpvY+hEwqWdbPO4qqeBq6iOQ74FNqHgPykWwKfc5zOevy9w/9nNEXpYMBcQ==",
      "requires": {
        "argsarray": "0.0.1",
        "inherits": "2.0.3",
        "pouchdb-changes-filter": "6.3.4",
        "pouchdb-collections": "6.3.4",
        "pouchdb-debug": "6.3.4",
        "pouchdb-errors": "6.3.4",
        "pouchdb-merge": "6.3.4",
        "pouchdb-promise": "6.3.4",
        "pouchdb-utils": "6.3.4"
      }
    },
    "pouchdb-debug": {
      "version": "6.3.4",
      "resolved": "https://registry.npmjs.org/pouchdb-debug/-/pouchdb-debug-6.3.4.tgz",
      "integrity": "sha512-K0LtVuzQWA23QcVTkzvbs5uaSWMTg6Fe0vJ/Db+Zm3wb4HbKPQwSkBJVWWM3mOj7di+ioHndh2PaXjIN/lX/mg==",
      "requires": {
        "debug": "2.6.4"
      }
    },
    "pouchdb-errors": {
      "version": "6.3.4",
      "resolved": "https://registry.npmjs.org/pouchdb-errors/-/pouchdb-errors-6.3.4.tgz",
      "integrity": "sha512-w96XRbS6hSFmCt+YmoUA2s6TsP8aUTteZ9BZ/Jjkcv5EdSlHwTKpmaBG5WG3givjCSmfP7+ZMCSDEop2PPcdqg==",
      "requires": {
        "inherits": "2.0.3"
      }
    },
    "pouchdb-generate-replication-id": {
      "version": "6.3.4",
      "resolved": "https://registry.npmjs.org/pouchdb-generate-replication-id/-/pouchdb-generate-replication-id-6.3.4.tgz",
      "integrity": "sha512-vKYXCfpEosEuQOowcXsZ/DpzhxNBzob7V644R3j6aXSTrWWW2RPGDWqaPjCCoHgepBpSg54B4KkAEwOD1PE0vA==",
      "requires": {
        "pouchdb-collate": "6.3.4",
        "pouchdb-md5": "6.3.4",
        "pouchdb-promise": "6.3.4"
      }
    },
    "pouchdb-json": {
      "version": "6.3.4",
      "resolved": "https://registry.npmjs.org/pouchdb-json/-/pouchdb-json-6.3.4.tgz",
      "integrity": "sha512-Aqa3rYkbjKYPJO8ZJvdOBUkR8Y65JQKB7+O0krIk79jGOST1rx4phFQWnKRIKEqaHPcunFCf+Esy1qWANQaRsw==",
      "requires": {
        "vuvuzela": "1.0.3"
      }
    },
    "pouchdb-mapreduce": {
      "version": "6.3.4",
      "resolved": "https://registry.npmjs.org/pouchdb-mapreduce/-/pouchdb-mapreduce-6.3.4.tgz",
      "integrity": "sha512-zL4JTT44ra+on1caeUajhshYK5WhgbhbJNtYwYjlqJZOALEiS/BuGe89Ss2w3hZLVFRCavdM4cF9WK/KRPmQ0g==",
      "requires": {
        "pouchdb-abstract-mapreduce": "6.3.4",
        "pouchdb-mapreduce-utils": "6.3.4",
        "pouchdb-utils": "6.3.4"
      }
    },
    "pouchdb-mapreduce-utils": {
      "version": "6.3.4",
      "resolved": "https://registry.npmjs.org/pouchdb-mapreduce-utils/-/pouchdb-mapreduce-utils-6.3.4.tgz",
      "integrity": "sha512-ZgEGqWUFGMTKAOq47L1SP4uV1LSsxivQsRE5ffXxbjc9GrS0lO/t97oOhqQHYK06KX0jh+5t2OHK0yGAO6Y7bg==",
      "requires": {
        "argsarray": "0.0.1",
        "inherits": "2.0.3",
        "pouchdb-collections": "6.3.4",
        "pouchdb-utils": "6.3.4"
      }
    },
    "pouchdb-md5": {
      "version": "6.3.4",
      "resolved": "https://registry.npmjs.org/pouchdb-md5/-/pouchdb-md5-6.3.4.tgz",
      "integrity": "sha512-rd162ZigLEJZ6OotY6EJsM/hbWPTE5Dhr4WHTOJekv59n4Sp0/3Fq/MB5XFFfM6lZFrvuvd9Q6yzHwk4edemLw==",
      "requires": {
        "pouchdb-binary-utils": "6.3.4",
        "spark-md5": "3.0.0"
      }
    },
    "pouchdb-merge": {
      "version": "6.3.4",
      "resolved": "https://registry.npmjs.org/pouchdb-merge/-/pouchdb-merge-6.3.4.tgz",
      "integrity": "sha512-leejoseJNegA/hrEgEs3PeWAX800qM4+MuKYk24Jc2szY3VywinOzHMTv4sPeItRgAC6+9YG8CelC8F58525Jg=="
    },
    "pouchdb-promise": {
      "version": "6.3.4",
      "resolved": "https://registry.npmjs.org/pouchdb-promise/-/pouchdb-promise-6.3.4.tgz",
      "integrity": "sha512-9kgpKXWFuFYJmhP7pjZvPhK9Lof8ipFVIoaZrFQN8HMep9/IdmhyXMUlISHkaNt3l0yWzW8bWYPg3OMocImvHA==",
      "requires": {
        "lie": "3.1.1"
      }
    },
    "pouchdb-replication": {
      "version": "6.3.4",
      "resolved": "https://registry.npmjs.org/pouchdb-replication/-/pouchdb-replication-6.3.4.tgz",
      "integrity": "sha512-9SdVetduqjnxc7FBuTYLvZR7lV8hn5yiarOI2SzLC+0d9FvYVsE7eu2tDe8jGitgSebzTNAtKJPKzrtQ/NxOSA==",
      "requires": {
        "inherits": "2.0.3",
        "pouchdb-checkpointer": "6.3.4",
        "pouchdb-errors": "6.3.4",
        "pouchdb-generate-replication-id": "6.3.4",
        "pouchdb-promise": "6.3.4",
        "pouchdb-utils": "6.3.4"
      }
    },
    "pouchdb-selector-core": {
      "version": "6.3.4",
      "resolved": "https://registry.npmjs.org/pouchdb-selector-core/-/pouchdb-selector-core-6.3.4.tgz",
      "integrity": "sha512-7mkBFzN1k7ijp6kZccM20O9CrLWJeF7ZaP2d5yKpK4XSyBhxDGgSDNrmcyBHOmPFjDLrsQmYJVcaADUEXDhJFg==",
      "requires": {
        "pouchdb-collate": "6.3.4",
        "pouchdb-utils": "6.3.4"
      }
    },
    "pouchdb-utils": {
      "version": "6.3.4",
      "resolved": "https://registry.npmjs.org/pouchdb-utils/-/pouchdb-utils-6.3.4.tgz",
      "integrity": "sha512-63mnIL7MX3ciyW1zWRl8OOUHZqRjeB1bC9kbFE+56F3U9T5OHMgkDcTukHRKXSfSnHPXoS+QujU3ups0SYsKIw==",
      "requires": {
        "argsarray": "0.0.1",
        "clone-buffer": "1.0.0",
        "immediate": "3.0.6",
        "inherits": "2.0.3",
        "pouchdb-collections": "6.3.4",
        "pouchdb-errors": "6.3.4",
        "pouchdb-promise": "6.3.4",
        "uuid": "3.3.2"
      }
    },
    "property-is-enumerable-x": {
      "version": "1.1.0",
      "resolved": "https://registry.npmjs.org/property-is-enumerable-x/-/property-is-enumerable-x-1.1.0.tgz",
      "integrity": "sha512-22cKy3w3OpRswU6to9iKWDDlg+F9vF2REcwGlGW23jyLjHb1U/jJEWA44sWupOnkhGfDgotU6Lw+N2oyhNi+5A==",
      "requires": {
        "to-object-x": "1.5.0",
        "to-property-key-x": "2.0.2"
      }
    },
    "punycode": {
      "version": "1.4.1",
      "resolved": "https://registry.npmjs.org/punycode/-/punycode-1.4.1.tgz",
      "integrity": "sha1-wNWmOycYgArY4esPpSachN1BhF4="
    },
    "qs": {
      "version": "6.3.2",
      "resolved": "https://registry.npmjs.org/qs/-/qs-6.3.2.tgz",
      "integrity": "sha1-51vV9uJoEioqDgvaYwslUMFmUCw="
    },
    "replace-comments-x": {
      "version": "2.0.0",
      "resolved": "https://registry.npmjs.org/replace-comments-x/-/replace-comments-x-2.0.0.tgz",
      "integrity": "sha512-+vMP4jqU+8HboLWms6YMNEiaZG5hh1oR6ENCnGYDF/UQ7aYiJUK/8tcl3+KZAHRCKKa3gqzrfiarlUBHQSgRlg==",
      "requires": {
        "require-coercible-to-string-x": "1.0.2",
        "to-string-x": "1.4.5"
      }
    },
    "request": {
      "version": "2.80.0",
      "resolved": "https://registry.npmjs.org/request/-/request-2.80.0.tgz",
      "integrity": "sha1-jMFi1215OBze/dNQXXa4C2BYm9A=",
      "requires": {
        "aws-sign2": "0.6.0",
        "aws4": "1.8.0",
        "caseless": "0.12.0",
        "combined-stream": "1.0.7",
        "extend": "3.0.2",
        "forever-agent": "0.6.1",
        "form-data": "2.1.4",
        "har-validator": "4.2.1",
        "hawk": "3.1.3",
        "http-signature": "1.1.1",
        "is-typedarray": "1.0.0",
        "isstream": "0.1.2",
        "json-stringify-safe": "5.0.1",
        "mime-types": "2.1.21",
        "oauth-sign": "0.8.2",
        "performance-now": "0.2.0",
        "qs": "6.3.2",
        "stringstream": "0.0.6",
        "tough-cookie": "2.3.4",
        "tunnel-agent": "0.4.3",
        "uuid": "3.3.2"
      }
    },
    "require-coercible-to-string-x": {
      "version": "1.0.2",
      "resolved": "https://registry.npmjs.org/require-coercible-to-string-x/-/require-coercible-to-string-x-1.0.2.tgz",
      "integrity": "sha512-GZ3BSCL0n/zhho8ITganW9FGPh0Kxhq71nCjck8Qau/30Wf4Po8a3XpQdzEMFiXCwZ/0m0E3lKSdSG8gkcIofQ==",
      "requires": {
        "require-object-coercible-x": "1.4.3",
        "to-string-x": "1.4.5"
      }
    },
    "require-object-coercible-x": {
      "version": "1.4.3",
      "resolved": "https://registry.npmjs.org/require-object-coercible-x/-/require-object-coercible-x-1.4.3.tgz",
      "integrity": "sha512-5wEaS+NIiU5HLJQTqBQ+6XHtX7yplUS374j/H/nRDlc7rMWfENqp026jnUHWAOCZ+ekixkXuFHEnTF28oqqVLA==",
      "requires": {
        "is-nil-x": "1.4.2"
      }
    },
    "safer-buffer": {
      "version": "2.1.2",
      "resolved": "https://registry.npmjs.org/safer-buffer/-/safer-buffer-2.1.2.tgz",
      "integrity": "sha512-YZo3K82SD7Riyi0E1EQPojLz7kpepnSQI9IyPbHHg1XXXevb5dJI7tpyN2ADxGcQbHG7vcyRHk0cbwqcQriUtg=="
    },
    "sntp": {
      "version": "1.0.9",
      "resolved": "http://registry.npmjs.org/sntp/-/sntp-1.0.9.tgz",
      "integrity": "sha1-ZUEYTMkK7qbG57NeJlkIJEPGYZg=",
      "requires": {
        "hoek": "2.16.3"
      }
    },
    "spark-md5": {
      "version": "3.0.0",
      "resolved": "https://registry.npmjs.org/spark-md5/-/spark-md5-3.0.0.tgz",
      "integrity": "sha1-NyIifFTi+vJLHcbZM8wUTm9xv+8="
    },
    "sshpk": {
      "version": "1.15.2",
      "resolved": "https://registry.npmjs.org/sshpk/-/sshpk-1.15.2.tgz",
      "integrity": "sha512-Ra/OXQtuh0/enyl4ETZAfTaeksa6BXks5ZcjpSUNrjBr0DvrJKX+1fsKDPpT9TBXgHAFsa4510aNVgI8g/+SzA==",
      "requires": {
        "asn1": "0.2.4",
        "assert-plus": "1.0.0",
        "bcrypt-pbkdf": "1.0.2",
        "dashdash": "1.14.1",
        "ecc-jsbn": "0.1.2",
        "getpass": "0.1.7",
        "jsbn": "0.1.1",
        "safer-buffer": "2.1.2",
        "tweetnacl": "0.14.5"
      },
      "dependencies": {
        "assert-plus": {
          "version": "1.0.0",
          "resolved": "https://registry.npmjs.org/assert-plus/-/assert-plus-1.0.0.tgz",
          "integrity": "sha1-8S4PPF13sLHN2RRpQuTpbB5N1SU="
        }
      }
    },
    "stringstream": {
      "version": "0.0.6",
      "resolved": "https://registry.npmjs.org/stringstream/-/stringstream-0.0.6.tgz",
      "integrity": "sha512-87GEBAkegbBcweToUrdzf3eLhWNg06FJTebl4BVJz/JgWy8CvEr9dRtX5qWphiynMSQlxxi+QqN0z5T32SLlhA=="
    },
    "to-boolean-x": {
      "version": "1.0.3",
      "resolved": "https://registry.npmjs.org/to-boolean-x/-/to-boolean-x-1.0.3.tgz",
      "integrity": "sha512-kQiMyJUgFprL8J+0CfgJuaSFKJMs3EvFe27/6aj/hVzVZT0HY4aA1QjPldLNxzBmjhLcapp7CctYHuD8QqtS3g=="
    },
    "to-integer-x": {
      "version": "3.0.0",
      "resolved": "https://registry.npmjs.org/to-integer-x/-/to-integer-x-3.0.0.tgz",
      "integrity": "sha512-794L2Lpwjtynm7RxahJi2YdbRY75gTxUW27TMuN26UgwPkmJb/+HPhkFEFbz+E4vNoiP0dxq5tq5fkXoXLaK/w==",
      "requires": {
        "is-finite-x": "3.0.4",
        "is-nan-x": "1.0.3",
        "math-sign-x": "3.0.0",
        "to-number-x": "2.0.0"
      }
    },
    "to-number-x": {
      "version": "2.0.0",
      "resolved": "https://registry.npmjs.org/to-number-x/-/to-number-x-2.0.0.tgz",
      "integrity": "sha512-lGOnCoccUoSzjZ/9Uen8TC4+VFaQcFGhTroWTv2tYWxXgyJV1zqAZ8hEIMkez/Eo790fBMOjidTnQ/OJSCvAoQ==",
      "requires": {
        "cached-constructors-x": "1.0.2",
        "nan-x": "1.0.2",
        "parse-int-x": "2.0.0",
        "to-primitive-x": "1.1.0",
        "trim-x": "3.0.0"
      }
    },
    "to-object-x": {
      "version": "1.5.0",
      "resolved": "https://registry.npmjs.org/to-object-x/-/to-object-x-1.5.0.tgz",
      "integrity": "sha512-AKn5GQcdWky+s20vjWkt+Wa6y3dxQH3yQyMBhOfBOPldUwqwhgvlqcIg5H092ntNc+TX8/Cxzs1kMHH19pyCnA==",
      "requires": {
        "cached-constructors-x": "1.0.2",
        "require-object-coercible-x": "1.4.3"
      }
    },
    "to-primitive-x": {
      "version": "1.1.0",
      "resolved": "https://registry.npmjs.org/to-primitive-x/-/to-primitive-x-1.1.0.tgz",
      "integrity": "sha512-gyMY0gi3wjK3e4MUBKqv9Zl8QGcWguIkaUr2VJmoBEsOpDcpDZSEyljR773eVG4maS48uX7muLkoQoh/BA82OQ==",
      "requires": {
        "has-symbol-support-x": "1.4.2",
        "is-date-object": "1.0.1",
        "is-function-x": "3.3.0",
        "is-nil-x": "1.4.2",
        "is-primitive": "2.0.0",
        "is-symbol": "1.0.2",
        "require-object-coercible-x": "1.4.3",
        "validate.io-undefined": "1.0.3"
      },
      "dependencies": {
        "is-primitive": {
          "version": "2.0.0",
          "resolved": "https://registry.npmjs.org/is-primitive/-/is-primitive-2.0.0.tgz",
          "integrity": "sha1-IHurkWOEmcB7Kt8kCkGochADRXU="
        }
      }
    },
    "to-property-key-x": {
      "version": "2.0.2",
      "resolved": "https://registry.npmjs.org/to-property-key-x/-/to-property-key-x-2.0.2.tgz",
      "integrity": "sha512-YISLpZFYIazNm0P8hLsKEEUEZ3m8U3+eDysJZqTu3+B9tQp+2TrMpaEGT8Agh4fZ5LSoums60/glNEzk5ozqrg==",
      "requires": {
        "has-symbol-support-x": "1.4.2",
        "to-primitive-x": "1.1.0",
        "to-string-x": "1.4.5"
      }
    },
    "to-string-symbols-supported-x": {
      "version": "1.0.2",
      "resolved": "https://registry.npmjs.org/to-string-symbols-supported-x/-/to-string-symbols-supported-x-1.0.2.tgz",
      "integrity": "sha512-3MRqhIhSNVDsVAk4M6WNcuBZrAQe54W13xrXX6RzxXS+pA4nj6DQ96RegQS5z9BSNyYbFsBsPvMVDIpP+a/5RA==",
      "requires": {
        "cached-constructors-x": "1.0.2",
        "has-symbol-support-x": "1.4.2",
        "is-symbol": "1.0.2"
      }
    },
    "to-string-tag-x": {
      "version": "1.4.3",
      "resolved": "https://registry.npmjs.org/to-string-tag-x/-/to-string-tag-x-1.4.3.tgz",
      "integrity": "sha512-5+0EZ6dOVt/XArXmkooxPzWxmOR081HM/uXitUow7h11WYg5pPo15uYqDWuqO7ZY+O3Atn/dG26wcJCK+mFevg==",
      "requires": {
        "lodash.isnull": "3.0.0",
        "validate.io-undefined": "1.0.3"
      }
    },
    "to-string-x": {
      "version": "1.4.5",
      "resolved": "https://registry.npmjs.org/to-string-x/-/to-string-x-1.4.5.tgz",
      "integrity": "sha512-5xzlZDyDa9BUWNjNzZzHgKQ95PnV7qjvEhbqpFaj1ixaHgfJXOFaa3xdMJ+WLYd4hhaMJaxt8Pt5uKaWXfruXA==",
      "requires": {
        "cached-constructors-x": "1.0.2",
        "is-symbol": "1.0.2"
      }
    },
    "tough-cookie": {
      "version": "2.3.4",
      "resolved": "https://registry.npmjs.org/tough-cookie/-/tough-cookie-2.3.4.tgz",
      "integrity": "sha512-TZ6TTfI5NtZnuyy/Kecv+CnoROnyXn2DN97LontgQpCwsX2XyLYCC0ENhYkehSOwAp8rTQKc/NUIF7BkQ5rKLA==",
      "requires": {
        "punycode": "1.4.1"
      }
    },
    "trim-left-x": {
      "version": "3.0.0",
      "resolved": "https://registry.npmjs.org/trim-left-x/-/trim-left-x-3.0.0.tgz",
      "integrity": "sha512-+m6cqkppI+CxQBTwWEZliOHpOBnCArGyMnS1WCLb6IRgukhTkiQu/TNEN5Lj2eM9jk8ewJsc7WxFZfmwNpRXWQ==",
      "requires": {
        "cached-constructors-x": "1.0.2",
        "require-coercible-to-string-x": "1.0.2",
        "white-space-x": "3.0.1"
      }
    },
    "trim-right-x": {
      "version": "3.0.0",
      "resolved": "https://registry.npmjs.org/trim-right-x/-/trim-right-x-3.0.0.tgz",
      "integrity": "sha512-iIqEsWEbWVodqdixJHi4FoayJkUxhoL4AvSNGp4FF4FfQKRPGizt8++/RnyC9od75y7P/S6EfONoVqP+NddiKA==",
      "requires": {
        "cached-constructors-x": "1.0.2",
        "require-coercible-to-string-x": "1.0.2",
        "white-space-x": "3.0.1"
      }
    },
    "trim-x": {
      "version": "3.0.0",
      "resolved": "https://registry.npmjs.org/trim-x/-/trim-x-3.0.0.tgz",
      "integrity": "sha512-w8s38RAUScQ6t3XqMkS75iz5ZkIYLQpVnv2lp3IuTS36JdlVzC54oe6okOf4Wz3UH4rr3XAb2xR3kR5Xei82fw==",
      "requires": {
        "trim-left-x": "3.0.0",
        "trim-right-x": "3.0.0"
      }
    },
    "tunnel-agent": {
      "version": "0.4.3",
      "resolved": "https://registry.npmjs.org/tunnel-agent/-/tunnel-agent-0.4.3.tgz",
      "integrity": "sha1-Y3PbdpCf5XDgjXNYM2Xtgop07us="
    },
    "tweetnacl": {
      "version": "0.14.5",
      "resolved": "https://registry.npmjs.org/tweetnacl/-/tweetnacl-0.14.5.tgz",
      "integrity": "sha1-WuaBd/GS1EViadEIr6k/+HQ/T2Q="
    },
    "uuid": {
      "version": "3.3.2",
      "resolved": "https://registry.npmjs.org/uuid/-/uuid-3.3.2.tgz",
      "integrity": "sha512-yXJmeNaw3DnnKAOKJE51sL/ZaYfWJRl1pK9dr19YFCu0ObS231AB1/LbqTKRAQ5kw8A90rA6fr4riOUpTZvQZA=="
    },
    "validate.io-undefined": {
      "version": "1.0.3",
      "resolved": "https://registry.npmjs.org/validate.io-undefined/-/validate.io-undefined-1.0.3.tgz",
      "integrity": "sha1-fif8uzFbhB54JDQxiXZxkp4gt/Q="
    },
    "verror": {
      "version": "1.10.0",
      "resolved": "https://registry.npmjs.org/verror/-/verror-1.10.0.tgz",
      "integrity": "sha1-OhBcoXBTr1XW4nDB+CiGguGNpAA=",
      "requires": {
        "assert-plus": "1.0.0",
        "core-util-is": "1.0.2",
        "extsprintf": "1.3.0"
      },
      "dependencies": {
        "assert-plus": {
          "version": "1.0.0",
          "resolved": "https://registry.npmjs.org/assert-plus/-/assert-plus-1.0.0.tgz",
          "integrity": "sha1-8S4PPF13sLHN2RRpQuTpbB5N1SU="
        }
      }
    },
    "vuvuzela": {
      "version": "1.0.3",
      "resolved": "https://registry.npmjs.org/vuvuzela/-/vuvuzela-1.0.3.tgz",
      "integrity": "sha1-O+FF5YJxxzylUnndhR8SpoIRSws="
    },
    "white-space-x": {
      "version": "3.0.1",
      "resolved": "https://registry.npmjs.org/white-space-x/-/white-space-x-3.0.1.tgz",
      "integrity": "sha512-BwMFXQNPna/4RsNPOgldVYn+FkEv+lc3wUiFzuaW6Z2DH/oSk1UrRD6SBqDgWQO4JU+aBq3PVuPD9Vz0j7mh0w=="
    }
  }
}
